
Microsoft Visual Studio Solution File, Format Version 12.00
Project("{FAE04EC0-301F-11D3-BF4B-00C04F79EFBC}") = "AscBin", "AscBin\AscBin.csproj", "{9766663D-43A3-43AF-BEB9-3689BDFC88FA}"
EndProject
Project("{FAE04EC0-301F-11D3-BF4B-00C04F79EFBC}") = "Test", "Test\Test.csproj", "{010ADD0C-D922-400D-81C9-DEFA3813BD13}"
EndProject
Global
	GlobalSection(SolutionConfigurationPlatforms) = preSolution
		Debug|Any CPU = Debug|Any CPU
		Release|Any CPU = Release|Any CPU
	EndGlobalSection
	GlobalSection(ProjectConfigurationPlatforms) = postSolution
		{9766663D-43A3-43AF-BEB9-3689BDFC88FA}.Debug|Any CPU.ActiveCfg = Debug|Any CPU
		{9766663D-43A3-43AF-BEB9-3689BDFC88FA}.Debug|Any CPU.Build.0 = Debug|Any CPU
		{9766663D-43A3-43AF-BEB9-3689BDFC88FA}.Release|Any CPU.ActiveCfg = Release|Any CPU
		{9766663D-43A3-43AF-BEB9-3689BDFC88FA}.Release|Any CPU.Build.0 = Release|Any CPU
		{010ADD0C-D922-400D-81C9-DEFA3813BD13}.Debug|Any CPU.ActiveCfg = Debug|Any CPU
		{010ADD0C-D922-400D-81C9-DEFA3813BD13}.Debug|Any CPU.Build.0 = Debug|Any CPU
		{010ADD0C-D922-400D-81C9-DEFA3813BD13}.Release|Any CPU.ActiveCfg = Release|Any CPU
		{010ADD0C-D922-400D-81C9-DEFA3813BD13}.Release|Any CPU.Build.0 = Release|Any CPU
	EndGlobalSection
EndGlobal
